{
  "version": 4,
  "terraform_version": "1.4.6",
  "serial": 130,
  "lineage": "09476782-0370-a307-3d7b-577be8d98281",
  "outputs": {},
  "resources": [
    {
      "mode": "data",
      "type": "aws_caller_identity",
      "name": "current",
      "provider": "provider[\"registry.terraform.io/hashicorp/aws\"]",
      "instances": [
        {
          "schema_version": 0,
          "attributes": {
            "account_id": "782948023394",
            "arn": "arn:aws:iam::782948023394:user/alexandre-reys",
            "id": "782948023394",
            "user_id": "AIDA3MS2WXRRON5YASMLW"
          },
          "sensitive_attributes": []
        }
      ]
    },
    {
      "mode": "managed",
      "type": "aws_s3_bucket",
      "name": "serverless_deployment_bucket",
      "provider": "provider[\"registry.terraform.io/hashicorp/aws\"]",
      "instances": [
        {
          "schema_version": 0,
          "attributes": {
            "acceleration_status": "",
            "acl": "private",
            "arn": "arn:aws:s3:::serverless.cms.dev.anr.com",
            "bucket": "serverless.cms.dev.anr.com",
            "bucket_domain_name": "serverless.cms.dev.anr.com.s3.amazonaws.com",
            "bucket_prefix": null,
            "bucket_regional_domain_name": "serverless.cms.dev.anr.com.s3.us-east-2.amazonaws.com",
            "cors_rule": [],
            "force_destroy": false,
            "grant": [],
            "hosted_zone_id": "Z2O1EMRO9K5GLX",
            "id": "serverless.cms.dev.anr.com",
            "lifecycle_rule": [],
            "logging": [],
            "object_lock_configuration": [],
            "object_lock_enabled": false,
            "policy": null,
            "region": "us-east-2",
            "replication_configuration": [],
            "request_payer": "BucketOwner",
            "server_side_encryption_configuration": [
              {
                "rule": [
                  {
                    "apply_server_side_encryption_by_default": [
                      {
                        "kms_master_key_id": "",
                        "sse_algorithm": "AES256"
                      }
                    ],
                    "bucket_key_enabled": false
                  }
                ]
              }
            ],
            "tags": {
              "Environment": "dev",
              "Name": "serverless.cms.dev.anr.com"
            },
            "tags_all": {
              "Environment": "dev",
              "Name": "serverless.cms.dev.anr.com"
            },
            "versioning": [
              {
                "enabled": false,
                "mfa_delete": false
              }
            ],
            "website": [],
            "website_domain": null,
            "website_endpoint": null
          },
          "sensitive_attributes": [],
          "private": "bnVsbA=="
        }
      ]
    },
    {
      "module": "module.organizations",
      "mode": "managed",
      "type": "aws_dynamodb_table",
      "name": "organizations",
      "provider": "provider[\"registry.terraform.io/hashicorp/aws\"]",
      "instances": [
        {
          "schema_version": 1,
          "attributes": {
            "arn": "arn:aws:dynamodb:us-east-2:782948023394:table/anr-dev-organizations",
            "attribute": [
              {
                "name": "id",
                "type": "S"
              },
              {
                "name": "nationalRegistration",
                "type": "S"
              }
            ],
            "billing_mode": "PROVISIONED",
            "global_secondary_index": [
              {
                "hash_key": "nationalRegistration",
                "name": "anr-dev-organizations-nationalRegistration-gsi",
                "non_key_attributes": [],
                "projection_type": "ALL",
                "range_key": "",
                "read_capacity": 1,
                "write_capacity": 1
              }
            ],
            "hash_key": "id",
            "id": "anr-dev-organizations",
            "local_secondary_index": [],
            "name": "anr-dev-organizations",
            "point_in_time_recovery": [
              {
                "enabled": false
              }
            ],
            "range_key": null,
            "read_capacity": 1,
            "replica": [],
            "restore_date_time": null,
            "restore_source_name": null,
            "restore_to_latest_time": null,
            "server_side_encryption": [],
            "stream_arn": "",
            "stream_enabled": false,
            "stream_label": "",
            "stream_view_type": "",
            "table_class": "",
            "tags": {},
            "tags_all": {},
            "timeouts": null,
            "ttl": [
              {
                "attribute_name": "",
                "enabled": false
              }
            ],
            "write_capacity": 1
          },
          "sensitive_attributes": [],
          "private": "eyJlMmJmYjczMC1lY2FhLTExZTYtOGY4OC0zNDM2M2JjN2M0YzAiOnsiY3JlYXRlIjoxODAwMDAwMDAwMDAwLCJkZWxldGUiOjYwMDAwMDAwMDAwMCwidXBkYXRlIjozNjAwMDAwMDAwMDAwfSwic2NoZW1hX3ZlcnNpb24iOiIxIn0="
        }
      ]
    },
    {
      "module": "module.organizations",
      "mode": "managed",
      "type": "aws_iam_policy",
      "name": "organizations_iam_policy",
      "provider": "provider[\"registry.terraform.io/hashicorp/aws\"]",
      "instances": [
        {
          "schema_version": 0,
          "attributes": {
            "arn": "arn:aws:iam::782948023394:policy/anr-dev-create-organizations-iam-policy",
            "description": "",
            "id": "arn:aws:iam::782948023394:policy/anr-dev-create-organizations-iam-policy",
            "name": "anr-dev-create-organizations-iam-policy",
            "name_prefix": null,
            "path": "/",
            "policy": "{\"Statement\":[{\"Action\":[\"s3:*\",\"dynamodb:Scan\",\"dynamodb:GetItem\",\"dynamodb:BatchGetItem\",\"dynamodb:Query\",\"dynamodb:PutItem\",\"dynamodb:UpdateItem\",\"dynamodb:DeleteItem\",\"dynamodb:BatchWriteItem\",\"dynamodb:DescribeStream\",\"dynamodb:GetRecords\",\"dynamodb:GetShardIterator\",\"dynamodb:ListStreams\",\"sns:Publish\",\"sqs:ReceiveMessage\",\"sqs:DeleteMessage\",\"sqs:GetQueueAttributes\"],\"Effect\":\"Allow\",\"Resource\":\"*\"},{\"Action\":[\"s3:*\",\"logs:CreateLogGroup\",\"logs:CreateLogStream\",\"logs:PutLogEvents\"],\"Effect\":\"Allow\",\"Resource\":\"*\"}],\"Version\":\"2012-10-17\"}",
            "policy_id": "ANPA3MS2WXRRIJTDDTHDR",
            "tags": {},
            "tags_all": {}
          },
          "sensitive_attributes": [],
          "private": "bnVsbA=="
        }
      ]
    },
    {
      "module": "module.organizations",
      "mode": "managed",
      "type": "aws_iam_policy_attachment",
      "name": "organizations_iam_policy_attachment",
      "provider": "provider[\"registry.terraform.io/hashicorp/aws\"]",
      "instances": [
        {
          "schema_version": 0,
          "attributes": {
            "groups": [],
            "id": "anr-dev-create-organizations-iam-policy-attachment",
            "name": "anr-dev-create-organizations-iam-policy-attachment",
            "policy_arn": "arn:aws:iam::782948023394:policy/anr-dev-create-organizations-iam-policy",
            "roles": [
              "anr-dev-create-organizations-iam-role"
            ],
            "users": []
          },
          "sensitive_attributes": [],
          "private": "bnVsbA==",
          "dependencies": [
            "module.organizations.aws_iam_policy.organizations_iam_policy",
            "module.organizations.aws_iam_role.organizations_iam_role"
          ]
        }
      ]
    },
    {
      "module": "module.organizations",
      "mode": "managed",
      "type": "aws_iam_role",
      "name": "organizations_iam_role",
      "provider": "provider[\"registry.terraform.io/hashicorp/aws\"]",
      "instances": [
        {
          "schema_version": 0,
          "attributes": {
            "arn": "arn:aws:iam::782948023394:role/anr-dev-create-organizations-iam-role",
            "assume_role_policy": "{\"Version\":\"2012-10-17\",\"Statement\":[{\"Sid\":\"\",\"Effect\":\"Allow\",\"Principal\":{\"Service\":\"lambda.amazonaws.com\"},\"Action\":\"sts:AssumeRole\"}]}",
            "create_date": "2023-09-30T16:56:49Z",
            "description": "",
            "force_detach_policies": false,
            "id": "anr-dev-create-organizations-iam-role",
            "inline_policy": [
              {
                "name": "",
                "policy": ""
              }
            ],
            "managed_policy_arns": [
              "arn:aws:iam::782948023394:policy/anr-dev-create-organizations-iam-policy"
            ],
            "max_session_duration": 3600,
            "name": "anr-dev-create-organizations-iam-role",
            "name_prefix": "",
            "path": "/",
            "permissions_boundary": null,
            "tags": {},
            "tags_all": {},
            "unique_id": "AROA3MS2WXRRGAZYYWCVY"
          },
          "sensitive_attributes": [],
          "private": "bnVsbA=="
        }
      ]
    },
    {
      "module": "module.organizations",
      "mode": "managed",
      "type": "aws_ssm_parameter",
      "name": "organizations_iam_role",
      "provider": "provider[\"registry.terraform.io/hashicorp/aws\"]",
      "instances": [
        {
          "schema_version": 0,
          "attributes": {
            "allowed_pattern": "",
            "arn": "arn:aws:ssm:us-east-2:782948023394:parameter/anr-dev-create-organizations-iam-role",
            "data_type": "text",
            "description": "",
            "id": "anr-dev-create-organizations-iam-role",
            "key_id": "",
            "name": "anr-dev-create-organizations-iam-role",
            "overwrite": null,
            "tags": {},
            "tags_all": {},
            "tier": "Standard",
            "type": "String",
            "value": "arn:aws:iam::782948023394:role/anr-dev-create-organizations-iam-role",
            "version": 1
          },
          "sensitive_attributes": [],
          "private": "bnVsbA==",
          "dependencies": [
            "module.organizations.aws_iam_role.organizations_iam_role"
          ]
        }
      ]
    },
    {
      "module": "module.services",
      "mode": "managed",
      "type": "aws_dynamodb_table",
      "name": "services",
      "provider": "provider[\"registry.terraform.io/hashicorp/aws\"]",
      "instances": [
        {
          "schema_version": 1,
          "attributes": {
            "arn": "arn:aws:dynamodb:us-east-2:782948023394:table/anr-dev-services",
            "attribute": [
              {
                "name": "description",
                "type": "S"
              },
              {
                "name": "id",
                "type": "S"
              },
              {
                "name": "organizationId",
                "type": "S"
              }
            ],
            "billing_mode": "PROVISIONED",
            "global_secondary_index": [
              {
                "hash_key": "description",
                "name": "anr-dev-services-description-gsi",
                "non_key_attributes": [],
                "projection_type": "ALL",
                "range_key": "",
                "read_capacity": 1,
                "write_capacity": 1
              }
            ],
            "hash_key": "organizationId",
            "id": "anr-dev-services",
            "local_secondary_index": [],
            "name": "anr-dev-services",
            "point_in_time_recovery": [
              {
                "enabled": false
              }
            ],
            "range_key": "id",
            "read_capacity": 1,
            "replica": [],
            "restore_date_time": null,
            "restore_source_name": null,
            "restore_to_latest_time": null,
            "server_side_encryption": [],
            "stream_arn": "",
            "stream_enabled": false,
            "stream_label": "",
            "stream_view_type": "",
            "table_class": "",
            "tags": null,
            "tags_all": {},
            "timeouts": null,
            "ttl": [
              {
                "attribute_name": "",
                "enabled": false
              }
            ],
            "write_capacity": 1
          },
          "sensitive_attributes": [],
          "private": "eyJlMmJmYjczMC1lY2FhLTExZTYtOGY4OC0zNDM2M2JjN2M0YzAiOnsiY3JlYXRlIjoxODAwMDAwMDAwMDAwLCJkZWxldGUiOjYwMDAwMDAwMDAwMCwidXBkYXRlIjozNjAwMDAwMDAwMDAwfSwic2NoZW1hX3ZlcnNpb24iOiIxIn0="
        }
      ]
    },
    {
      "module": "module.services",
      "mode": "managed",
      "type": "aws_iam_policy",
      "name": "services_iam_policy",
      "provider": "provider[\"registry.terraform.io/hashicorp/aws\"]",
      "instances": [
        {
          "schema_version": 0,
          "attributes": {
            "arn": "arn:aws:iam::782948023394:policy/anr-dev-create-services-iam-policy",
            "description": "",
            "id": "arn:aws:iam::782948023394:policy/anr-dev-create-services-iam-policy",
            "name": "anr-dev-create-services-iam-policy",
            "name_prefix": null,
            "path": "/",
            "policy": "{\"Statement\":[{\"Action\":[\"s3:*\",\"dynamodb:Scan\",\"dynamodb:GetItem\",\"dynamodb:BatchGetItem\",\"dynamodb:Query\",\"dynamodb:PutItem\",\"dynamodb:UpdateItem\",\"dynamodb:DeleteItem\",\"dynamodb:BatchWriteItem\",\"dynamodb:DescribeStream\",\"dynamodb:GetRecords\",\"dynamodb:GetShardIterator\",\"dynamodb:ListStreams\",\"sns:Publish\",\"sqs:ReceiveMessage\",\"sqs:DeleteMessage\",\"sqs:GetQueueAttributes\"],\"Effect\":\"Allow\",\"Resource\":\"*\"},{\"Action\":[\"s3:*\",\"logs:CreateLogGroup\",\"logs:CreateLogStream\",\"logs:PutLogEvents\"],\"Effect\":\"Allow\",\"Resource\":\"*\"}],\"Version\":\"2012-10-17\"}",
            "policy_id": "ANPA3MS2WXRRBVAAVTBZR",
            "tags": {},
            "tags_all": {}
          },
          "sensitive_attributes": [],
          "private": "bnVsbA=="
        }
      ]
    },
    {
      "module": "module.services",
      "mode": "managed",
      "type": "aws_iam_policy_attachment",
      "name": "services_iam_policy_attachment",
      "provider": "provider[\"registry.terraform.io/hashicorp/aws\"]",
      "instances": [
        {
          "schema_version": 0,
          "attributes": {
            "groups": [],
            "id": "anr-dev-create-services-iam-policy-attachment",
            "name": "anr-dev-create-services-iam-policy-attachment",
            "policy_arn": "arn:aws:iam::782948023394:policy/anr-dev-create-services-iam-policy",
            "roles": [
              "anr-dev-create-services-iam-role"
            ],
            "users": []
          },
          "sensitive_attributes": [],
          "private": "bnVsbA==",
          "dependencies": [
            "module.services.aws_iam_policy.services_iam_policy",
            "module.services.aws_iam_role.services_iam_role"
          ]
        }
      ]
    },
    {
      "module": "module.services",
      "mode": "managed",
      "type": "aws_iam_role",
      "name": "services_iam_role",
      "provider": "provider[\"registry.terraform.io/hashicorp/aws\"]",
      "instances": [
        {
          "schema_version": 0,
          "attributes": {
            "arn": "arn:aws:iam::782948023394:role/anr-dev-create-services-iam-role",
            "assume_role_policy": "{\"Version\":\"2012-10-17\",\"Statement\":[{\"Sid\":\"\",\"Effect\":\"Allow\",\"Principal\":{\"Service\":\"lambda.amazonaws.com\"},\"Action\":\"sts:AssumeRole\"}]}",
            "create_date": "2023-11-02T21:30:00Z",
            "description": "",
            "force_detach_policies": false,
            "id": "anr-dev-create-services-iam-role",
            "inline_policy": [
              {
                "name": "",
                "policy": ""
              }
            ],
            "managed_policy_arns": [
              "arn:aws:iam::782948023394:policy/anr-dev-create-services-iam-policy"
            ],
            "max_session_duration": 3600,
            "name": "anr-dev-create-services-iam-role",
            "name_prefix": "",
            "path": "/",
            "permissions_boundary": null,
            "tags": {},
            "tags_all": {},
            "unique_id": "AROA3MS2WXRRLA2BHAKX7"
          },
          "sensitive_attributes": [],
          "private": "bnVsbA=="
        }
      ]
    },
    {
      "module": "module.users",
      "mode": "managed",
      "type": "aws_dynamodb_table",
      "name": "users",
      "provider": "provider[\"registry.terraform.io/hashicorp/aws\"]",
      "instances": [
        {
          "schema_version": 1,
          "attributes": {
            "arn": "arn:aws:dynamodb:us-east-2:782948023394:table/anr-dev-users",
            "attribute": [
              {
                "name": "email",
                "type": "S"
              },
              {
                "name": "id",
                "type": "S"
              },
              {
                "name": "organizationId",
                "type": "S"
              }
            ],
            "billing_mode": "PROVISIONED",
            "global_secondary_index": [
              {
                "hash_key": "email",
                "name": "anr-dev-users-email-gsi",
                "non_key_attributes": [],
                "projection_type": "ALL",
                "range_key": "",
                "read_capacity": 1,
                "write_capacity": 1
              }
            ],
            "hash_key": "organizationId",
            "id": "anr-dev-users",
            "local_secondary_index": [],
            "name": "anr-dev-users",
            "point_in_time_recovery": [
              {
                "enabled": false
              }
            ],
            "range_key": "id",
            "read_capacity": 1,
            "replica": [],
            "restore_date_time": null,
            "restore_source_name": null,
            "restore_to_latest_time": null,
            "server_side_encryption": [],
            "stream_arn": "arn:aws:dynamodb:us-east-2:782948023394:table/anr-dev-users/stream/2023-10-21T01:56:03.024",
            "stream_enabled": true,
            "stream_label": "2023-10-21T01:56:03.024",
            "stream_view_type": "NEW_AND_OLD_IMAGES",
            "table_class": "",
            "tags": {},
            "tags_all": {},
            "timeouts": null,
            "ttl": [
              {
                "attribute_name": "",
                "enabled": false
              }
            ],
            "write_capacity": 1
          },
          "sensitive_attributes": [],
          "private": "eyJlMmJmYjczMC1lY2FhLTExZTYtOGY4OC0zNDM2M2JjN2M0YzAiOnsiY3JlYXRlIjoxODAwMDAwMDAwMDAwLCJkZWxldGUiOjYwMDAwMDAwMDAwMCwidXBkYXRlIjozNjAwMDAwMDAwMDAwfSwic2NoZW1hX3ZlcnNpb24iOiIxIn0="
        }
      ]
    },
    {
      "module": "module.users",
      "mode": "managed",
      "type": "aws_iam_policy",
      "name": "all_iam_policy",
      "provider": "provider[\"registry.terraform.io/hashicorp/aws\"]",
      "instances": [
        {
          "schema_version": 0,
          "attributes": {
            "arn": "arn:aws:iam::782948023394:policy/anr-dev-all-iam-policy",
            "description": "",
            "id": "arn:aws:iam::782948023394:policy/anr-dev-all-iam-policy",
            "name": "anr-dev-all-iam-policy",
            "name_prefix": null,
            "path": "/",
            "policy": "{\"Statement\":[{\"Action\":[\"s3:*\",\"dynamodb:Scan\",\"dynamodb:GetItem\",\"dynamodb:BatchGetItem\",\"dynamodb:Query\",\"dynamodb:PutItem\",\"dynamodb:UpdateItem\",\"dynamodb:DeleteItem\",\"dynamodb:BatchWriteItem\",\"dynamodb:DescribeStream\",\"dynamodb:GetRecords\",\"dynamodb:GetShardIterator\",\"dynamodb:ListStreams\",\"sns:Publish\",\"sqs:ReceiveMessage\",\"sqs:DeleteMessage\",\"sqs:GetQueueAttributes\"],\"Effect\":\"Allow\",\"Resource\":\"*\"},{\"Action\":[\"s3:*\",\"logs:CreateLogGroup\",\"logs:CreateLogStream\",\"logs:PutLogEvents\"],\"Effect\":\"Allow\",\"Resource\":\"*\"}],\"Version\":\"2012-10-17\"}",
            "policy_id": "ANPA3MS2WXRRPCPKXYK5H",
            "tags": {},
            "tags_all": {}
          },
          "sensitive_attributes": [],
          "private": "bnVsbA=="
        }
      ]
    },
    {
      "module": "module.users",
      "mode": "managed",
      "type": "aws_iam_policy_attachment",
      "name": "all_iam_policy_attachment",
      "provider": "provider[\"registry.terraform.io/hashicorp/aws\"]",
      "instances": [
        {
          "schema_version": 0,
          "attributes": {
            "groups": [],
            "id": "anr-dev-all-iam-policy-attachment",
            "name": "anr-dev-all-iam-policy-attachment",
            "policy_arn": "arn:aws:iam::782948023394:policy/anr-dev-all-iam-policy",
            "roles": [
              "anr-dev-all-iam-role"
            ],
            "users": []
          },
          "sensitive_attributes": [],
          "private": "bnVsbA==",
          "dependencies": [
            "module.users.aws_iam_policy.all_iam_policy",
            "module.users.aws_iam_role.all_iam_role"
          ]
        }
      ]
    },
    {
      "module": "module.users",
      "mode": "managed",
      "type": "aws_iam_role",
      "name": "all_iam_role",
      "provider": "provider[\"registry.terraform.io/hashicorp/aws\"]",
      "instances": [
        {
          "schema_version": 0,
          "attributes": {
            "arn": "arn:aws:iam::782948023394:role/anr-dev-all-iam-role",
            "assume_role_policy": "{\"Version\":\"2012-10-17\",\"Statement\":[{\"Sid\":\"\",\"Effect\":\"Allow\",\"Principal\":{\"Service\":\"lambda.amazonaws.com\"},\"Action\":\"sts:AssumeRole\"}]}",
            "create_date": "2023-10-21T01:56:02Z",
            "description": "",
            "force_detach_policies": false,
            "id": "anr-dev-all-iam-role",
            "inline_policy": [
              {
                "name": "",
                "policy": ""
              }
            ],
            "managed_policy_arns": [
              "arn:aws:iam::782948023394:policy/anr-dev-all-iam-policy"
            ],
            "max_session_duration": 3600,
            "name": "anr-dev-all-iam-role",
            "name_prefix": "",
            "path": "/",
            "permissions_boundary": null,
            "tags": {},
            "tags_all": {},
            "unique_id": "AROA3MS2WXRRABJ76PH23"
          },
          "sensitive_attributes": [],
          "private": "bnVsbA=="
        }
      ]
    },
    {
      "module": "module.users",
      "mode": "managed",
      "type": "aws_ssm_parameter",
      "name": "all_iam_role",
      "provider": "provider[\"registry.terraform.io/hashicorp/aws\"]",
      "instances": [
        {
          "schema_version": 0,
          "attributes": {
            "allowed_pattern": "",
            "arn": "arn:aws:ssm:us-east-2:782948023394:parameter/anr-dev-all-iam-role",
            "data_type": "text",
            "description": "",
            "id": "anr-dev-all-iam-role",
            "key_id": "",
            "name": "anr-dev-all-iam-role",
            "overwrite": null,
            "tags": {},
            "tags_all": {},
            "tier": "Standard",
            "type": "String",
            "value": "arn:aws:iam::782948023394:role/anr-dev-all-iam-role",
            "version": 1
          },
          "sensitive_attributes": [],
          "private": "bnVsbA==",
          "dependencies": [
            "module.users.aws_iam_role.all_iam_role"
          ]
        }
      ]
    },
    {
      "module": "module.users",
      "mode": "managed",
      "type": "aws_ssm_parameter",
      "name": "dynamodb-user-stream",
      "provider": "provider[\"registry.terraform.io/hashicorp/aws\"]",
      "instances": [
        {
          "schema_version": 0,
          "attributes": {
            "allowed_pattern": "",
            "arn": "arn:aws:ssm:us-east-2:782948023394:parameter/anr-dev-users-stream",
            "data_type": "text",
            "description": "",
            "id": "anr-dev-users-stream",
            "key_id": "",
            "name": "anr-dev-users-stream",
            "overwrite": null,
            "tags": {},
            "tags_all": {},
            "tier": "Standard",
            "type": "String",
            "value": "arn:aws:dynamodb:us-east-2:782948023394:table/anr-dev-users/stream/2023-10-21T01:56:03.024",
            "version": 1
          },
          "sensitive_attributes": [],
          "private": "bnVsbA==",
          "dependencies": [
            "module.users.aws_dynamodb_table.users"
          ]
        }
      ]
    },
    {
      "module": "module.users",
      "mode": "managed",
      "type": "aws_ssm_parameter",
      "name": "jwt_secret",
      "provider": "provider[\"registry.terraform.io/hashicorp/aws\"]",
      "instances": [
        {
          "schema_version": 0,
          "attributes": {
            "allowed_pattern": "",
            "arn": "arn:aws:ssm:us-east-2:782948023394:parameter/anr-dev-jwt-secret",
            "data_type": "text",
            "description": "",
            "id": "anr-dev-jwt-secret",
            "key_id": "",
            "name": "anr-dev-jwt-secret",
            "overwrite": null,
            "tags": {},
            "tags_all": {},
            "tier": "Standard",
            "type": "String",
            "value": "sdgf87ad09a7klqwjr4klu-dev",
            "version": 1
          },
          "sensitive_attributes": [],
          "private": "bnVsbA=="
        }
      ]
    }
  ],
  "check_results": null
}
